
Microsoft Visual Studio Solution File, Format Version 12.00
# Visual Studio Version 17
VisualStudioVersion = 17.13.35828.75 d17.13
MinimumVisualStudioVersion = 10.0.40219.1
Project("{FAE04EC0-301F-11D3-BF4B-00C04F79EFBC}") = "Conta-Corrente.ConsoleApp", "Conta-Corrente.ConsoleApp\Conta-Corrente.ConsoleApp.csproj", "{546F904C-AE39-4A58-B2B0-FC1AE1A0EB42}"
EndProject
Global
	GlobalSection(SolutionConfigurationPlatforms) = preSolution
		Debug|Any CPU = Debug|Any CPU
		Release|Any CPU = Release|Any CPU
	EndGlobalSection
	GlobalSection(ProjectConfigurationPlatforms) = postSolution
		{546F904C-AE39-4A58-B2B0-FC1AE1A0EB42}.Debug|Any CPU.ActiveCfg = Debug|Any CPU
		{546F904C-AE39-4A58-B2B0-FC1AE1A0EB42}.Debug|Any CPU.Build.0 = Debug|Any CPU
		{546F904C-AE39-4A58-B2B0-FC1AE1A0EB42}.Release|Any CPU.ActiveCfg = Release|Any CPU
		{546F904C-AE39-4A58-B2B0-FC1AE1A0EB42}.Release|Any CPU.Build.0 = Release|Any CPU
	EndGlobalSection
	GlobalSection(SolutionProperties) = preSolution
		HideSolutionNode = FALSE
	EndGlobalSection
	GlobalSection(ExtensibilityGlobals) = postSolution
		SolutionGuid = {1B6979CD-33EF-443D-8089-80D3E08E9F5A}
	EndGlobalSection
EndGlobal
